// !$*UTF8*$!
{
	archiveVersion = 1;
	classes = {
	};
	objectVersion = 46;
	objects = {

/* Begin PBXBuildFile section */
		593CB2B3158904000080B385 /* Foundation.framework in Frameworks */ = {isa = PBXBuildFile; fileRef = 593CB2B2158904000080B385 /* Foundation.framework */; };
		593CB2B5158904000080B385 /* UIKit.framework in Frameworks */ = {isa = PBXBuildFile; fileRef = 593CB2B4158904000080B385 /* UIKit.framework */; };
		593CB2B7158904000080B385 /* CoreGraphics.framework in Frameworks */ = {isa = PBXBuildFile; fileRef = 593CB2B6158904000080B385 /* CoreGraphics.framework */; };
		593CB2B9158904000080B385 /* AddressBook.framework in Frameworks */ = {isa = PBXBuildFile; fileRef = 593CB2B8158904000080B385 /* AddressBook.framework */; };
		593CB2BB158904000080B385 /* AddressBookUI.framework in Frameworks */ = {isa = PBXBuildFile; fileRef = 593CB2BA158904000080B385 /* AddressBookUI.framework */; };
		593CB2BD158904000080B385 /* AudioToolbox.framework in Frameworks */ = {isa = PBXBuildFile; fileRef = 593CB2BC158904000080B385 /* AudioToolbox.framework */; };
		593CB2BF158904000080B385 /* AVFoundation.framework in Frameworks */ = {isa = PBXBuildFile; fileRef = 593CB2BE158904000080B385 /* AVFoundation.framework */; };
		593CB2C1158904000080B385 /* CoreLocation.framework in Frameworks */ = {isa = PBXBuildFile; fileRef = 593CB2C0158904000080B385 /* CoreLocation.framework */; };
		593CB2C3158904000080B385 /* MediaPlayer.framework in Frameworks */ = {isa = PBXBuildFile; fileRef = 593CB2C2158904000080B385 /* MediaPlayer.framework */; };
		593CB2C5158904000080B385 /* QuartzCore.framework in Frameworks */ = {isa = PBXBuildFile; fileRef = 593CB2C4158904000080B385 /* QuartzCore.framework */; };
		593CB2C7158904000080B385 /* SystemConfiguration.framework in Frameworks */ = {isa = PBXBuildFile; fileRef = 593CB2C6158904000080B385 /* SystemConfiguration.framework */; };
		593CB2C9158904000080B385 /* MobileCoreServices.framework in Frameworks */ = {isa = PBXBuildFile; fileRef = 593CB2C8158904000080B385 /* MobileCoreServices.framework */; };
		593CB2CB158904000080B385 /* CoreMedia.framework in Frameworks */ = {isa = PBXBuildFile; fileRef = 593CB2CA158904000080B385 /* CoreMedia.framework */; };
		593CB2D1158904000080B385 /* InfoPlist.strings in Resources */ = {isa = PBXBuildFile; fileRef = 593CB2CF158904000080B385 /* InfoPlist.strings */; };
		593CB2D3158904000080B385 /* main.m in Sources */ = {isa = PBXBuildFile; fileRef = 593CB2D2158904000080B385 /* main.m */; };
		593CB2D6158904000080B385 /* Cordova.framework in Frameworks */ = {isa = PBXBuildFile; fileRef = 593CB2D5158904000080B385 /* Cordova.framework */; };
		593CB2DB158904000080B385 /* Localizable.strings in Resources */ = {isa = PBXBuildFile; fileRef = 593CB2D9158904000080B385 /* Localizable.strings */; };
		593CB2DF158904000080B385 /* Localizable.strings in Resources */ = {isa = PBXBuildFile; fileRef = 593CB2DD158904000080B385 /* Localizable.strings */; };
		593CB2E3158904000080B385 /* Localizable.strings in Resources */ = {isa = PBXBuildFile; fileRef = 593CB2E1158904000080B385 /* Localizable.strings */; };
		593CB2E7158904000080B385 /* Localizable.strings in Resources */ = {isa = PBXBuildFile; fileRef = 593CB2E5158904000080B385 /* Localizable.strings */; };
		593CB2EA158904000080B385 /* icon.png in Resources */ = {isa = PBXBuildFile; fileRef = 593CB2E9158904000080B385 /* icon.png */; };
		593CB2EC158904000080B385 /* icon@2x.png in Resources */ = {isa = PBXBuildFile; fileRef = 593CB2EB158904000080B385 /* icon@2x.png */; };
		593CB2EE158904000080B385 /* icon-72.png in Resources */ = {isa = PBXBuildFile; fileRef = 593CB2ED158904000080B385 /* icon-72.png */; };
		593CB2F1158904010080B385 /* Default~iphone.png in Resources */ = {isa = PBXBuildFile; fileRef = 593CB2F0158904010080B385 /* Default~iphone.png */; };
		593CB2F3158904010080B385 /* Default@2x~iphone.png in Resources */ = {isa = PBXBuildFile; fileRef = 593CB2F2158904010080B385 /* Default@2x~iphone.png */; };
		593CB2F5158904010080B385 /* Capture.bundle in Resources */ = {isa = PBXBuildFile; fileRef = 593CB2F4158904010080B385 /* Capture.bundle */; };
		593CB2F7158904010080B385 /* Cordova.plist in Resources */ = {isa = PBXBuildFile; fileRef = 593CB2F6158904010080B385 /* Cordova.plist */; };
		593CB2FB158904010080B385 /* AppDelegate.m in Sources */ = {isa = PBXBuildFile; fileRef = 593CB2FA158904010080B385 /* AppDelegate.m */; };
		593CB2FE158904010080B385 /* MainViewController.m in Sources */ = {isa = PBXBuildFile; fileRef = 593CB2FD158904010080B385 /* MainViewController.m */; };
		593CB300158904010080B385 /* MainViewController.xib in Resources */ = {isa = PBXBuildFile; fileRef = 593CB2FF158904010080B385 /* MainViewController.xib */; };
		593CB30E158904230080B385 /* www in Resources */ = {isa = PBXBuildFile; fileRef = 593CB30D158904230080B385 /* www */; };
/* End PBXBuildFile section */

/* Begin PBXFileReference section */
		593CB2AE158904000080B385 /* rootlessme-ios.app */ = {isa = PBXFileReference; explicitFileType = wrapper.application; includeInIndex = 0; path = "rootlessme-ios.app"; sourceTree = BUILT_PRODUCTS_DIR; };
		593CB2B2158904000080B385 /* Foundation.framework */ = {isa = PBXFileReference; lastKnownFileType = wrapper.framework; name = Foundation.framework; path = System/Library/Frameworks/Foundation.framework; sourceTree = SDKROOT; };
		593CB2B4158904000080B385 /* UIKit.framework */ = {isa = PBXFileReference; lastKnownFileType = wrapper.framework; name = UIKit.framework; path = System/Library/Frameworks/UIKit.framework; sourceTree = SDKROOT; };
		593CB2B6158904000080B385 /* CoreGraphics.framework */ = {isa = PBXFileReference; lastKnownFileType = wrapper.framework; name = CoreGraphics.framework; path = System/Library/Frameworks/CoreGraphics.framework; sourceTree = SDKROOT; };
		593CB2B8158904000080B385 /* AddressBook.framework */ = {isa = PBXFileReference; lastKnownFileType = wrapper.framework; name = AddressBook.framework; path = System/Library/Frameworks/AddressBook.framework; sourceTree = SDKROOT; };
		593CB2BA158904000080B385 /* AddressBookUI.framework */ = {isa = PBXFileReference; lastKnownFileType = wrapper.framework; name = AddressBookUI.framework; path = System/Library/Frameworks/AddressBookUI.framework; sourceTree = SDKROOT; };
		593CB2BC158904000080B385 /* AudioToolbox.framework */ = {isa = PBXFileReference; lastKnownFileType = wrapper.framework; name = AudioToolbox.framework; path = System/Library/Frameworks/AudioToolbox.framework; sourceTree = SDKROOT; };
		593CB2BE158904000080B385 /* AVFoundation.framework */ = {isa = PBXFileReference; lastKnownFileType = wrapper.framework; name = AVFoundation.framework; path = System/Library/Frameworks/AVFoundation.framework; sourceTree = SDKROOT; };
		593CB2C0158904000080B385 /* CoreLocation.framework */ = {isa = PBXFileReference; lastKnownFileType = wrapper.framework; name = CoreLocation.framework; path = System/Library/Frameworks/CoreLocation.framework; sourceTree = SDKROOT; };
		593CB2C2158904000080B385 /* MediaPlayer.framework */ = {isa = PBXFileReference; lastKnownFileType = wrapper.framework; name = MediaPlayer.framework; path = System/Library/Frameworks/MediaPlayer.framework; sourceTree = SDKROOT; };
		593CB2C4158904000080B385 /* QuartzCore.framework */ = {isa = PBXFileReference; lastKnownFileType = wrapper.framework; name = QuartzCore.framework; path = System/Library/Frameworks/QuartzCore.framework; sourceTree = SDKROOT; };
		593CB2C6158904000080B385 /* SystemConfiguration.framework */ = {isa = PBXFileReference; lastKnownFileType = wrapper.framework; name = SystemConfiguration.framework; path = System/Library/Frameworks/SystemConfiguration.framework; sourceTree = SDKROOT; };
		593CB2C8158904000080B385 /* MobileCoreServices.framework */ = {isa = PBXFileReference; lastKnownFileType = wrapper.framework; name = MobileCoreServices.framework; path = System/Library/Frameworks/MobileCoreServices.framework; sourceTree = SDKROOT; };
		593CB2CA158904000080B385 /* CoreMedia.framework */ = {isa = PBXFileReference; lastKnownFileType = wrapper.framework; name = CoreMedia.framework; path = System/Library/Frameworks/CoreMedia.framework; sourceTree = SDKROOT; };
		593CB2CE158904000080B385 /* rootlessme-ios-Info.plist */ = {isa = PBXFileReference; lastKnownFileType = text.plist.xml; path = "rootlessme-ios-Info.plist"; sourceTree = "<group>"; };
		593CB2D0158904000080B385 /* en */ = {isa = PBXFileReference; lastKnownFileType = text.plist.strings; name = en; path = en.lproj/InfoPlist.strings; sourceTree = "<group>"; };
		593CB2D2158904000080B385 /* main.m */ = {isa = PBXFileReference; lastKnownFileType = sourcecode.c.objc; path = main.m; sourceTree = "<group>"; };
		593CB2D4158904000080B385 /* rootlessme-ios-Prefix.pch */ = {isa = PBXFileReference; lastKnownFileType = sourcecode.c.h; path = "rootlessme-ios-Prefix.pch"; sourceTree = "<group>"; };
		593CB2D5158904000080B385 /* Cordova.framework */ = {isa = PBXFileReference; lastKnownFileType = wrapper.framework; name = Cordova.framework; path = /Users/Shared/Cordova/Frameworks/Cordova.framework; sourceTree = "<absolute>"; };
		593CB2DA158904000080B385 /* en */ = {isa = PBXFileReference; lastKnownFileType = text.plist.strings; name = en; path = Resources/en.lproj/Localizable.strings; sourceTree = "<group>"; };
		593CB2DE158904000080B385 /* es */ = {isa = PBXFileReference; lastKnownFileType = text.plist.strings; name = es; path = Resources/es.lproj/Localizable.strings; sourceTree = "<group>"; };
		593CB2E2158904000080B385 /* de */ = {isa = PBXFileReference; lastKnownFileType = text.plist.strings; name = de; path = Resources/de.lproj/Localizable.strings; sourceTree = "<group>"; };
		593CB2E6158904000080B385 /* se */ = {isa = PBXFileReference; lastKnownFileType = text.plist.strings; name = se; path = Resources/se.lproj/Localizable.strings; sourceTree = "<group>"; };
		593CB2E9158904000080B385 /* icon.png */ = {isa = PBXFileReference; lastKnownFileType = image.png; name = icon.png; path = Resources/icons/icon.png; sourceTree = "<group>"; };
		593CB2EB158904000080B385 /* icon@2x.png */ = {isa = PBXFileReference; lastKnownFileType = image.png; name = "icon@2x.png"; path = "Resources/icons/icon@2x.png"; sourceTree = "<group>"; };
		593CB2ED158904000080B385 /* icon-72.png */ = {isa = PBXFileReference; lastKnownFileType = image.png; name = "icon-72.png"; path = "Resources/icons/icon-72.png"; sourceTree = "<group>"; };
		593CB2F0158904010080B385 /* Default~iphone.png */ = {isa = PBXFileReference; lastKnownFileType = image.png; name = "Default~iphone.png"; path = "Resources/splash/Default~iphone.png"; sourceTree = "<group>"; };
		593CB2F2158904010080B385 /* Default@2x~iphone.png */ = {isa = PBXFileReference; lastKnownFileType = image.png; name = "Default@2x~iphone.png"; path = "Resources/splash/Default@2x~iphone.png"; sourceTree = "<group>"; };
		593CB2F4158904010080B385 /* Capture.bundle */ = {isa = PBXFileReference; lastKnownFileType = "wrapper.plug-in"; name = Capture.bundle; path = Resources/Capture.bundle; sourceTree = "<group>"; };
		593CB2F6158904010080B385 /* Cordova.plist */ = {isa = PBXFileReference; lastKnownFileType = text.plist.xml; path = Cordova.plist; sourceTree = "<group>"; };
		593CB2F9158904010080B385 /* AppDelegate.h */ = {isa = PBXFileReference; lastKnownFileType = sourcecode.c.h; name = AppDelegate.h; path = Classes/AppDelegate.h; sourceTree = "<group>"; };
		593CB2FA158904010080B385 /* AppDelegate.m */ = {isa = PBXFileReference; lastKnownFileType = sourcecode.c.objc; name = AppDelegate.m; path = Classes/AppDelegate.m; sourceTree = "<group>"; };
		593CB2FC158904010080B385 /* MainViewController.h */ = {isa = PBXFileReference; lastKnownFileType = sourcecode.c.h; name = MainViewController.h; path = Classes/MainViewController.h; sourceTree = "<group>"; };
		593CB2FD158904010080B385 /* MainViewController.m */ = {isa = PBXFileReference; lastKnownFileType = sourcecode.c.objc; name = MainViewController.m; path = Classes/MainViewController.m; sourceTree = "<group>"; };
		593CB2FF158904010080B385 /* MainViewController.xib */ = {isa = PBXFileReference; lastKnownFileType = file.xib; name = MainViewController.xib; path = Classes/MainViewController.xib; sourceTree = "<group>"; };
		593CB302158904010080B385 /* README */ = {isa = PBXFileReference; lastKnownFileType = text; name = README; path = Plugins/README; sourceTree = "<group>"; };
		593CB303158904010080B385 /* verify.sh */ = {isa = PBXFileReference; lastKnownFileType = text.script.sh; path = verify.sh; sourceTree = "<group>"; };
		593CB30D158904230080B385 /* www */ = {isa = PBXFileReference; lastKnownFileType = folder; path = www; sourceTree = "<group>"; };
/* End PBXFileReference section */

/* Begin PBXFrameworksBuildPhase section */
		593CB2A8158904000080B385 /* Frameworks */ = {
			isa = PBXFrameworksBuildPhase;
			buildActionMask = 2147483647;
			files = (
				593CB2B3158904000080B385 /* Foundation.framework in Frameworks */,
				593CB2B5158904000080B385 /* UIKit.framework in Frameworks */,
				593CB2B7158904000080B385 /* CoreGraphics.framework in Frameworks */,
				593CB2B9158904000080B385 /* AddressBook.framework in Frameworks */,
				593CB2BB158904000080B385 /* AddressBookUI.framework in Frameworks */,
				593CB2BD158904000080B385 /* AudioToolbox.framework in Frameworks */,
				593CB2BF158904000080B385 /* AVFoundation.framework in Frameworks */,
				593CB2C1158904000080B385 /* CoreLocation.framework in Frameworks */,
				593CB2C3158904000080B385 /* MediaPlayer.framework in Frameworks */,
				593CB2C5158904000080B385 /* QuartzCore.framework in Frameworks */,
				593CB2C7158904000080B385 /* SystemConfiguration.framework in Frameworks */,
				593CB2C9158904000080B385 /* MobileCoreServices.framework in Frameworks */,
				593CB2CB158904000080B385 /* CoreMedia.framework in Frameworks */,
				593CB2D6158904000080B385 /* Cordova.framework in Frameworks */,
			);
			runOnlyForDeploymentPostprocessing = 0;
		};
		593CB2AB158904000080B385 /* Frameworks */ = {
			isa = PBXFrameworksBuildPhase;
			buildActionMask = 2147483647;
			files = (
			);
			runOnlyForDeploymentPostprocessing = 0;
		};
/* End PBXFrameworksBuildPhase section */

/* Begin PBXGroup section */
		593CB2A0158904000080B385 = {
			isa = PBXGroup;
			children = (
				593CB30D158904230080B385 /* www */,
				593CB2CC158904000080B385 /* rootlessme-ios */,
				593CB2B1158904000080B385 /* Frameworks */,
				593CB2AF158904000080B385 /* Products */,
			);
			sourceTree = "<group>";
		};
		593CB2AF158904000080B385 /* Products */ = {
			isa = PBXGroup;
			children = (
				593CB2AE158904000080B385 /* rootlessme-ios.app */,
			);
			name = Products;
			sourceTree = "<group>";
		};
		593CB2B1158904000080B385 /* Frameworks */ = {
			isa = PBXGroup;
			children = (
				593CB2B2158904000080B385 /* Foundation.framework */,
				593CB2B4158904000080B385 /* UIKit.framework */,
				593CB2B6158904000080B385 /* CoreGraphics.framework */,
				593CB2B8158904000080B385 /* AddressBook.framework */,
				593CB2BA158904000080B385 /* AddressBookUI.framework */,
				593CB2BC158904000080B385 /* AudioToolbox.framework */,
				593CB2BE158904000080B385 /* AVFoundation.framework */,
				593CB2C0158904000080B385 /* CoreLocation.framework */,
				593CB2C2158904000080B385 /* MediaPlayer.framework */,
				593CB2C4158904000080B385 /* QuartzCore.framework */,
				593CB2C6158904000080B385 /* SystemConfiguration.framework */,
				593CB2C8158904000080B385 /* MobileCoreServices.framework */,
				593CB2CA158904000080B385 /* CoreMedia.framework */,
			);
			name = Frameworks;
			sourceTree = "<group>";
		};
		593CB2CC158904000080B385 /* rootlessme-ios */ = {
			isa = PBXGroup;
			children = (
				593CB2D5158904000080B385 /* Cordova.framework */,
				593CB2D7158904000080B385 /* Resources */,
				593CB2F8158904010080B385 /* Classes */,
				593CB301158904010080B385 /* Plugins */,
				593CB2CD158904000080B385 /* Supporting Files */,
			);
			path = "rootlessme-ios";
			sourceTree = "<group>";
		};
		593CB2CD158904000080B385 /* Supporting Files */ = {
			isa = PBXGroup;
			children = (
				593CB2CE158904000080B385 /* rootlessme-ios-Info.plist */,
				593CB2CF158904000080B385 /* InfoPlist.strings */,
				593CB2D2158904000080B385 /* main.m */,
				593CB2D4158904000080B385 /* rootlessme-ios-Prefix.pch */,
				593CB2F6158904010080B385 /* Cordova.plist */,
				593CB2FF158904010080B385 /* MainViewController.xib */,
				593CB303158904010080B385 /* verify.sh */,
			);
			name = "Supporting Files";
			sourceTree = "<group>";
		};
		593CB2D7158904000080B385 /* Resources */ = {
			isa = PBXGroup;
			children = (
				593CB2F4158904010080B385 /* Capture.bundle */,
				593CB2D8158904000080B385 /* en.lproj */,
				593CB2DC158904000080B385 /* es.lproj */,
				593CB2E0158904000080B385 /* de.lproj */,
				593CB2E4158904000080B385 /* se.lproj */,
				593CB2E8158904000080B385 /* icons */,
				593CB2EF158904010080B385 /* splash */,
			);
			name = Resources;
			sourceTree = "<group>";
		};
		593CB2D8158904000080B385 /* en.lproj */ = {
			isa = PBXGroup;
			children = (
				593CB2D9158904000080B385 /* Localizable.strings */,
			);
			name = en.lproj;
			sourceTree = "<group>";
		};
		593CB2DC158904000080B385 /* es.lproj */ = {
			isa = PBXGroup;
			children = (
				593CB2DD158904000080B385 /* Localizable.strings */,
			);
			name = es.lproj;
			sourceTree = "<group>";
		};
		593CB2E0158904000080B385 /* de.lproj */ = {
			isa = PBXGroup;
			children = (
				593CB2E1158904000080B385 /* Localizable.strings */,
			);
			name = de.lproj;
			sourceTree = "<group>";
		};
		593CB2E4158904000080B385 /* se.lproj */ = {
			isa = PBXGroup;
			children = (
				593CB2E5158904000080B385 /* Localizable.strings */,
			);
			name = se.lproj;
			sourceTree = "<group>";
		};
		593CB2E8158904000080B385 /* icons */ = {
			isa = PBXGroup;
			children = (
				593CB2E9158904000080B385 /* icon.png */,
				593CB2EB158904000080B385 /* icon@2x.png */,
				593CB2ED158904000080B385 /* icon-72.png */,
			);
			name = icons;
			sourceTree = "<group>";
		};
		593CB2EF158904010080B385 /* splash */ = {
			isa = PBXGroup;
			children = (
				593CB2F0158904010080B385 /* Default~iphone.png */,
				593CB2F2158904010080B385 /* Default@2x~iphone.png */,
			);
			name = splash;
			sourceTree = "<group>";
		};
		593CB2F8158904010080B385 /* Classes */ = {
			isa = PBXGroup;
			children = (
				593CB2F9158904010080B385 /* AppDelegate.h */,
				593CB2FA158904010080B385 /* AppDelegate.m */,
				593CB2FC158904010080B385 /* MainViewController.h */,
				593CB2FD158904010080B385 /* MainViewController.m */,
			);
			name = Classes;
			sourceTree = "<group>";
		};
		593CB301158904010080B385 /* Plugins */ = {
			isa = PBXGroup;
			children = (
				593CB302158904010080B385 /* README */,
			);
			name = Plugins;
			sourceTree = "<group>";
		};
/* End PBXGroup section */

/* Begin PBXNativeTarget section */
		593CB2AD158904000080B385 /* rootlessme-ios */ = {
			isa = PBXNativeTarget;
			buildConfigurationList = 593CB306158904010080B385 /* Build configuration list for PBXNativeTarget "rootlessme-ios" */;
			buildPhases = (
				593CB2A7158904000080B385 /* Sources */,
				593CB2A8158904000080B385 /* Frameworks */,
				593CB2A9158904000080B385 /* Resources */,
				593CB2AA158904000080B385 /* Sources */,
				593CB2AB158904000080B385 /* Frameworks */,
				593CB2AC158904000080B385 /* ShellScript */,
			);
			buildRules = (
			);
			dependencies = (
			);
			name = "rootlessme-ios";
			productName = "rootlessme-ios";
			productReference = 593CB2AE158904000080B385 /* rootlessme-ios.app */;
			productType = "com.apple.product-type.application";
		};
/* End PBXNativeTarget section */

/* Begin PBXProject section */
		593CB2A2158904000080B385 /* Project object */ = {
			isa = PBXProject;
			attributes = {
				LastUpgradeCheck = 0420;
				ORGANIZATIONNAME = "Ohio University";
			};
			buildConfigurationList = 593CB2A5158904000080B385 /* Build configuration list for PBXProject "rootlessme-ios" */;
			compatibilityVersion = "Xcode 3.2";
			developmentRegion = English;
			hasScannedForEncodings = 0;
			knownRegions = (
				en,
				es,
				de,
				se,
			);
			mainGroup = 593CB2A0158904000080B385;
			productRefGroup = 593CB2AF158904000080B385 /* Products */;
			projectDirPath = "";
			projectRoot = "";
			targets = (
				593CB2AD158904000080B385 /* rootlessme-ios */,
			);
		};
/* End PBXProject section */

/* Begin PBXResourcesBuildPhase section */
		593CB2A9158904000080B385 /* Resources */ = {
			isa = PBXResourcesBuildPhase;
			buildActionMask = 2147483647;
			files = (
				593CB2D1158904000080B385 /* InfoPlist.strings in Resources */,
				593CB2DB158904000080B385 /* Localizable.strings in Resources */,
				593CB2DF158904000080B385 /* Localizable.strings in Resources */,
				593CB2E3158904000080B385 /* Localizable.strings in Resources */,
				593CB2E7158904000080B385 /* Localizable.strings in Resources */,
				593CB2EA158904000080B385 /* icon.png in Resources */,
				593CB2EC158904000080B385 /* icon@2x.png in Resources */,
				593CB2EE158904000080B385 /* icon-72.png in Resources */,
				593CB2F1158904010080B385 /* Default~iphone.png in Resources */,
				593CB2F3158904010080B385 /* Default@2x~iphone.png in Resources */,
				593CB2F5158904010080B385 /* Capture.bundle in Resources */,
				593CB2F7158904010080B385 /* Cordova.plist in Resources */,
				593CB300158904010080B385 /* MainViewController.xib in Resources */,
				593CB30E158904230080B385 /* www in Resources */,
			);
			runOnlyForDeploymentPostprocessing = 0;
		};
/* End PBXResourcesBuildPhase section */

/* Begin PBXShellScriptBuildPhase section */
		593CB2AC158904000080B385 /* ShellScript */ = {
			isa = PBXShellScriptBuildPhase;
			buildActionMask = 2147483647;
			files = (
			);
			inputPaths = (
			);
			outputPaths = (
			);
			runOnlyForDeploymentPostprocessing = 0;
			shellPath = /bin/bash;
			shellScript = "\n\t\t\t\t\t\t\t\tchmod 755 \"$PROJECT_DIR/$PROJECT_NAME/verify.sh\"\n\t\t\t\t\t\t\t\t\"$PROJECT_DIR/$PROJECT_NAME/verify.sh\"\n\t\t\t\t\t";
		};
/* End PBXShellScriptBuildPhase section */

/* Begin PBXSourcesBuildPhase section */
		593CB2A7158904000080B385 /* Sources */ = {
			isa = PBXSourcesBuildPhase;
			buildActionMask = 2147483647;
			files = (
				593CB2D3158904000080B385 /* main.m in Sources */,
				593CB2FB158904010080B385 /* AppDelegate.m in Sources */,
				593CB2FE158904010080B385 /* MainViewController.m in Sources */,
			);
			runOnlyForDeploymentPostprocessing = 0;
		};
		593CB2AA158904000080B385 /* Sources */ = {
			isa = PBXSourcesBuildPhase;
			buildActionMask = 2147483647;
			files = (
			);
			runOnlyForDeploymentPostprocessing = 0;
		};
/* End PBXSourcesBuildPhase section */

/* Begin PBXVariantGroup section */
		593CB2CF158904000080B385 /* InfoPlist.strings */ = {
			isa = PBXVariantGroup;
			children = (
				593CB2D0158904000080B385 /* en */,
			);
			name = InfoPlist.strings;
			sourceTree = "<group>";
		};
		593CB2D9158904000080B385 /* Localizable.strings */ = {
			isa = PBXVariantGroup;
			children = (
				593CB2DA158904000080B385 /* en */,
			);
			name = Localizable.strings;
			sourceTree = "<group>";
		};
		593CB2DD158904000080B385 /* Localizable.strings */ = {
			isa = PBXVariantGroup;
			children = (
				593CB2DE158904000080B385 /* es */,
			);
			name = Localizable.strings;
			sourceTree = "<group>";
		};
		593CB2E1158904000080B385 /* Localizable.strings */ = {
			isa = PBXVariantGroup;
			children = (
				593CB2E2158904000080B385 /* de */,
			);
			name = Localizable.strings;
			sourceTree = "<group>";
		};
		593CB2E5158904000080B385 /* Localizable.strings */ = {
			isa = PBXVariantGroup;
			children = (
				593CB2E6158904000080B385 /* se */,
			);
			name = Localizable.strings;
			sourceTree = "<group>";
		};
/* End PBXVariantGroup section */

/* Begin XCBuildConfiguration section */
		593CB304158904010080B385 /* Debug */ = {
			isa = XCBuildConfiguration;
			buildSettings = {
				ALWAYS_SEARCH_USER_PATHS = NO;
				ARCHS = (
					armv6,
					"$(ARCHS_STANDARD_32_BIT)",
				);
				"CODE_SIGN_IDENTITY[sdk=iphoneos*]" = "iPhone Developer";
				COPY_PHASE_STRIP = NO;
				GCC_C_LANGUAGE_STANDARD = gnu99;
				GCC_DYNAMIC_NO_PIC = NO;
				GCC_OPTIMIZATION_LEVEL = 0;
				GCC_PREPROCESSOR_DEFINITIONS = (
					"DEBUG=1",
					"$(inherited)",
				);
				GCC_SYMBOLS_PRIVATE_EXTERN = NO;
				GCC_VERSION = com.apple.compilers.llvm.clang.1_0;
				GCC_WARN_ABOUT_MISSING_PROTOTYPES = YES;
				GCC_WARN_ABOUT_RETURN_TYPE = YES;
				GCC_WARN_UNUSED_VARIABLE = YES;
				IPHONEOS_DEPLOYMENT_TARGET = 3.0;
				SDKROOT = iphoneos;
			};
			name = Debug;
		};
		593CB305158904010080B385 /* Release */ = {
			isa = XCBuildConfiguration;
			buildSettings = {
				ALWAYS_SEARCH_USER_PATHS = NO;
				ARCHS = (
					armv6,
					"$(ARCHS_STANDARD_32_BIT)",
				);
				"CODE_SIGN_IDENTITY[sdk=iphoneos*]" = "iPhone Developer";
				COPY_PHASE_STRIP = YES;
				GCC_C_LANGUAGE_STANDARD = gnu99;
				GCC_VERSION = com.apple.compilers.llvm.clang.1_0;
				GCC_WARN_ABOUT_MISSING_PROTOTYPES = YES;
				GCC_WARN_ABOUT_RETURN_TYPE = YES;
				GCC_WARN_UNUSED_VARIABLE = YES;
				IPHONEOS_DEPLOYMENT_TARGET = 3.0;
				SDKROOT = iphoneos;
				VALIDATE_PRODUCT = YES;
			};
			name = Release;
		};
		593CB307158904010080B385 /* Debug */ = {
			isa = XCBuildConfiguration;
			buildSettings = {
				ALWAYS_SEARCH_USER_PATHS = YES;
				COPY_PHASE_STRIP = NO;
				FRAMEWORK_SEARCH_PATHS = /Users/Shared/Cordova/Frameworks;
				GCC_DYNAMIC_NO_PIC = NO;
				GCC_PRECOMPILE_PREFIX_HEADER = YES;
				GCC_PREFIX_HEADER = "rootlessme-ios/rootlessme-ios-Prefix.pch";
				GCC_PREPROCESSOR_DEFINITIONS = (
					"DEBUG=1,",
					"CORDOVA_FRAMEWORK=1",
				);
				INFOPLIST_FILE = "rootlessme-ios/rootlessme-ios-Info.plist";
				OTHER_LDFLAGS = (
					"-weak_framework",
					UIKit,
					"-weak_framework",
					AVFoundation,
					"-weak_framework",
					CoreMedia,
					"-weak-lSystem",
				);
				PRODUCT_NAME = "$(TARGET_NAME)";
				TARGETED_DEVICE_FAMILY = "1,2";
				WRAPPER_EXTENSION = app;
			};
			name = Debug;
		};
		593CB308158904010080B385 /* Release */ = {
			isa = XCBuildConfiguration;
			buildSettings = {
				ALWAYS_SEARCH_USER_PATHS = YES;
				COPY_PHASE_STRIP = YES;
				DEBUG_INFORMATION_FORMAT = "dwarf-with-dsym";
				FRAMEWORK_SEARCH_PATHS = /Users/Shared/Cordova/Frameworks;
				GCC_PRECOMPILE_PREFIX_HEADER = YES;
				GCC_PREFIX_HEADER = "rootlessme-ios/rootlessme-ios-Prefix.pch";
				GCC_PREPROCESSOR_DEFINITIONS = (
					"NDEBUG=1,",
					"CORDOVA_FRAMEWORK=1",
				);
				INFOPLIST_FILE = "rootlessme-ios/rootlessme-ios-Info.plist";
				OTHER_LDFLAGS = (
					"-weak_framework",
					UIKit,
					"-weak_framework",
					AVFoundation,
					"-weak_framework",
					CoreMedia,
					"-weak-lSystem",
				);
				PRODUCT_NAME = "$(TARGET_NAME)";
				TARGETED_DEVICE_FAMILY = "1,2";
				VALIDATE_PRODUCT = YES;
				WRAPPER_EXTENSION = app;
			};
			name = Release;
		};
/* End XCBuildConfiguration section */

/* Begin XCConfigurationList section */
		593CB2A5158904000080B385 /* Build configuration list for PBXProject "rootlessme-ios" */ = {
			isa = XCConfigurationList;
			buildConfigurations = (
				593CB304158904010080B385 /* Debug */,
				593CB305158904010080B385 /* Release */,
			);
			defaultConfigurationIsVisible = 0;
			defaultConfigurationName = Release;
		};
		593CB306158904010080B385 /* Build configuration list for PBXNativeTarget "rootlessme-ios" */ = {
			isa = XCConfigurationList;
			buildConfigurations = (
				593CB307158904010080B385 /* Debug */,
				593CB308158904010080B385 /* Release */,
			);
			defaultConfigurationIsVisible = 0;
			defaultConfigurationName = Release;
		};
/* End XCConfigurationList section */
	};
	rootObject = 593CB2A2158904000080B385 /* Project object */;
}
